Microsoft Visual Studio Solution File, Format Version 12.00
# Visual Studio 15
VisualStudioVersion = 15.0.26206.0
MinimumVisualStudioVersion = 10.0.40219.1
Project("{8BC9CEB8-8B4A-11D0-8D11-00A0C91BC942}") = "Flappy_Bird_STM32F4", "Flappy_Bird_STM32F4\Flappy_Bird_STM32F4.vcxproj", "{3A509B0D-A0EB-4533-9FA7-4D663E9C2657}"
EndProject
Global
	GlobalSection(SolutionConfigurationPlatforms) = preSolution
		Debug|VisualGDB = Debug|VisualGDB
		Release|VisualGDB = Release|VisualGDB
	EndGlobalSection
	GlobalSection(ProjectConfigurationPlatforms) = postSolution
		{3A509B0D-A0EB-4533-9FA7-4D663E9C2657}.Debug|VisualGDB.ActiveCfg = Debug|VisualGDB
		{3A509B0D-A0EB-4533-9FA7-4D663E9C2657}.Debug|VisualGDB.Build.0 = Debug|VisualGDB
		{3A509B0D-A0EB-4533-9FA7-4D663E9C2657}.Release|VisualGDB.ActiveCfg = Release|VisualGDB
		{3A509B0D-A0EB-4533-9FA7-4D663E9C2657}.Release|VisualGDB.Build.0 = Release|VisualGDB
	EndGlobalSection
	GlobalSection(SolutionProperties) = preSolution
		HideSolutionNode = FALSE
	EndGlobalSection
EndGlobal
